
Microsoft Visual Studio Solution File, Format Version 12.00
# Visual Studio Version 16
VisualStudioVersion = 16.0.33927.289
MinimumVisualStudioVersion = 10.0.40219.1
Project("{2150E333-8FDC-42A3-9474-1A3956D46DE8}") = "Task0", "Task0", "{73B98A78-202B-4C1F-BD51-13F2B040B853}"
EndProject
Project("{FAE04EC0-301F-11D3-BF4B-00C04F79EFBC}") = "Tyuiu.ZakharovaYV.Sprint0.Task0.V0", "Tyuiu.ZakharovaYV.Sprint0.Task0.V0\Tyuiu.ZakharovaYV.Sprint0.Task0.V0.csproj", "{69BDFF09-58AE-40FA-B50A-7EED00433FF8}"
EndProject
Project("{2150E333-8FDC-42A3-9474-1A3956D46DE8}") = "Task1", "Task1", "{62737DF1-3383-4BC0-B095-29DCD2FF0265}"
EndProject
Project("{FAE04EC0-301F-11D3-BF4B-00C04F79EFBC}") = "Tyuiu.ZakharovaYV.Sprint0.Task1.V0", "Tyuiu.ZakharovaYV.Sprint0.Task1.V0\Tyuiu.ZakharovaYV.Sprint0.Task1.V0.csproj", "{2FFFA15C-D3E5-4A5D-87DA-9235972E0B9E}"
EndProject
Project("{2150E333-8FDC-42A3-9474-1A3956D46DE8}") = "Task2", "Task2", "{4C2840BF-C425-49E2-9CEC-CFF0926D0B17}"
EndProject
Project("{FAE04EC0-301F-11D3-BF4B-00C04F79EFBC}") = "Tyuiu.ZakharovaYV.Sprint0.Task2.V0", "Tyuiu.ZakharovaYV.Sprint0.Task2.V0\Tyuiu.ZakharovaYV.Sprint0.Task2.V0.csproj", "{698C627B-5755-4DFA-8030-6053112EEDA6}"
EndProject
Project("{FAE04EC0-301F-11D3-BF4B-00C04F79EFBC}") = "Tyuiu.ZakharovaYV.Sprint0.Task2.V0.Lib", "Tyuiu.ZakharovaYV.Sprint0.Task2.V0.Lib\Tyuiu.ZakharovaYV.Sprint0.Task2.V0.Lib.csproj", "{FF8BD4A1-62DE-4C9E-8B4B-1CD04D99936E}"
EndProject
Project("{FAE04EC0-301F-11D3-BF4B-00C04F79EFBC}") = "Tyuiu.ZakharovaYV.Sprint0.Task2.V0.Test", "Tyuiu.ZakharovaYV.Sprint0.Task2.V0.Test\Tyuiu.ZakharovaYV.Sprint0.Task2.V0.Test.csproj", "{2B760E17-6A8A-4202-B84B-B78962C3204E}"
EndProject
Project("{2150E333-8FDC-42A3-9474-1A3956D46DE8}") = "Task3", "Task3", "{3E60D2FA-3AEE-4801-AF47-AC9C8D55CCAD}"
EndProject
Project("{FAE04EC0-301F-11D3-BF4B-00C04F79EFBC}") = "Tyuiu.ZakharovaYV.Sprint0.Task3.V0", "Tyuiu.ZakharovaYV.Sprint0.Task3.V0\Tyuiu.ZakharovaYV.Sprint0.Task3.V0.csproj", "{97EBECE6-8DC7-4D1B-A08D-FC4C99A63057}"
EndProject
Project("{FAE04EC0-301F-11D3-BF4B-00C04F79EFBC}") = "Tyuiu.ZakharovaYV.Sprint0.Task3.V0.Test", "Tyuiu.ZakharovaYV.Sprint0.Task3.V0.Test\Tyuiu.ZakharovaYV.Sprint0.Task3.V0.Test.csproj", "{F7E316A7-D213-4F11-ABF6-A309E5C4DE41}"
EndProject
Project("{FAE04EC0-301F-11D3-BF4B-00C04F79EFBC}") = "Tyuiu.ZakharovaYV.Sprint0.Task3.V0.Lib", "Tyuiu.ZakharovaYV.Sprint0.Task3.V0.Lib\Tyuiu.ZakharovaYV.Sprint0.Task3.V0.Lib.csproj", "{7B808A68-B0B7-4BD3-AACD-06E14D362487}"
EndProject
Project("{2150E333-8FDC-42A3-9474-1A3956D46DE8}") = "Task4", "Task4", "{C89CE366-01D7-4C3F-90A8-B84C36F82986}"
EndProject
Project("{FAE04EC0-301F-11D3-BF4B-00C04F79EFBC}") = "Tyuiu.ZakharovaYV.Sprint0.Task4.V0", "Tyuiu.ZakharovaYV.Sprint0.Task4.V0\Tyuiu.ZakharovaYV.Sprint0.Task4.V0.csproj", "{05BA986B-CD5E-493C-AFB9-6B4E3A83B467}"
EndProject
Project("{FAE04EC0-301F-11D3-BF4B-00C04F79EFBC}") = "Tyuiu.ZakharovaYV.Sprint0.Task4.V0.Lib", "Tyuiu.ZakharovaYV.Sprint0.Task4.V0.Lib\Tyuiu.ZakharovaYV.Sprint0.Task4.V0.Lib.csproj", "{710E8EAD-4F4D-4569-BE9A-59F7E3CECC07}"
EndProject
Project("{FAE04EC0-301F-11D3-BF4B-00C04F79EFBC}") = "Tyuiu.ZakharovaYV.Sprint0.Task4.V0.Test", "Tyuiu.ZakharovaYV.Sprint0.Task4.V0.Test\Tyuiu.ZakharovaYV.Sprint0.Task4.V0.Test.csproj", "{33F0711F-AA13-4659-B78E-80B15C810B83}"
EndProject
Project("{2150E333-8FDC-42A3-9474-1A3956D46DE8}") = "Task5", "Task5", "{2002A1EF-BB43-427B-8B6A-9CA38EACBD7B}"
EndProject
Project("{FAE04EC0-301F-11D3-BF4B-00C04F79EFBC}") = "Tyuiu.ZakharovaYV.Sprint0.Task5.V0", "Tyuiu.ZakharovaYV.Sprint0.Task5.V0\Tyuiu.ZakharovaYV.Sprint0.Task5.V0.csproj", "{26366570-7CAA-4189-9BCC-36DAB3CA89F5}"
EndProject
Project("{FAE04EC0-301F-11D3-BF4B-00C04F79EFBC}") = "Tyuiu.ZakharovaYV.Sprint0.Task5.V0.Test", "Tyuiu.ZakharovaYV.Sprint0.Task5.V0.Test\Tyuiu.ZakharovaYV.Sprint0.Task5.V0.Test.csproj", "{3EE3AA6D-FB5E-4E8D-81D8-ACAB4105A9CA}"
EndProject
Project("{FAE04EC0-301F-11D3-BF4B-00C04F79EFBC}") = "Tyuiu.ZakharovaYV.Sprint0.Task5.V0.Lib", "Tyuiu.ZakharovaYV.Sprint0.Task5.V0.Lib\Tyuiu.ZakharovaYV.Sprint0.Task5.V0.Lib.csproj", "{72239245-6AB1-478C-8878-2F4CAAD8109F}"
EndProject
Project("{2150E333-8FDC-42A3-9474-1A3956D46DE8}") = "Task6", "Task6", "{D1A5F8DF-E4DD-4AB7-92CF-3316D6DACAA0}"
EndProject
Project("{FAE04EC0-301F-11D3-BF4B-00C04F79EFBC}") = "Tyuiu.ZakharovaYV.Sprint0.Task6.V0", "Tyuiu.ZakharovaYV.Sprint0.Task6.V0\Tyuiu.ZakharovaYV.Sprint0.Task6.V0.csproj", "{69BCD590-44AB-4F55-AA89-E69A17CC3D49}"
EndProject
Project("{FAE04EC0-301F-11D3-BF4B-00C04F79EFBC}") = "Tyuiu.ZakharovaYV.Sprint0.Task6.V0.Lib", "Tyuiu.ZakharovaYV.Sprint0.Task6.V0.Lib\Tyuiu.ZakharovaYV.Sprint0.Task6.V0.Lib.csproj", "{A8A7A3A1-99BB-4CFE-95D5-C8B5EDF5CBC7}"
EndProject
Project("{FAE04EC0-301F-11D3-BF4B-00C04F79EFBC}") = "Tyuiu.ZakharovaYV.Sprint0.Task6.V0.Test", "Tyuiu.ZakharovaYV.Sprint0.Task6.V0.Test\Tyuiu.ZakharovaYV.Sprint0.Task6.V0.Test.csproj", "{A7ACC0D2-622F-451C-ACF6-9C9E7B5334F5}"
EndProject
Global
	GlobalSection(SolutionConfigurationPlatforms) = preSolution
		Debug|Any CPU = Debug|Any CPU
		Release|Any CPU = Release|Any CPU
	EndGlobalSection
	GlobalSection(ProjectConfigurationPlatforms) = postSolution
		{69BDFF09-58AE-40FA-B50A-7EED00433FF8}.Debug|Any CPU.ActiveCfg = Debug|Any CPU
		{69BDFF09-58AE-40FA-B50A-7EED00433FF8}.Debug|Any CPU.Build.0 = Debug|Any CPU
		{69BDFF09-58AE-40FA-B50A-7EED00433FF8}.Release|Any CPU.ActiveCfg = Release|Any CPU
		{69BDFF09-58AE-40FA-B50A-7EED00433FF8}.Release|Any CPU.Build.0 = Release|Any CPU
		{2FFFA15C-D3E5-4A5D-87DA-9235972E0B9E}.Debug|Any CPU.ActiveCfg = Debug|Any CPU
		{2FFFA15C-D3E5-4A5D-87DA-9235972E0B9E}.Debug|Any CPU.Build.0 = Debug|Any CPU
		{2FFFA15C-D3E5-4A5D-87DA-9235972E0B9E}.Release|Any CPU.ActiveCfg = Release|Any CPU
		{2FFFA15C-D3E5-4A5D-87DA-9235972E0B9E}.Release|Any CPU.Build.0 = Release|Any CPU
		{698C627B-5755-4DFA-8030-6053112EEDA6}.Debug|Any CPU.ActiveCfg = Debug|Any CPU
		{698C627B-5755-4DFA-8030-6053112EEDA6}.Debug|Any CPU.Build.0 = Debug|Any CPU
		{698C627B-5755-4DFA-8030-6053112EEDA6}.Release|Any CPU.ActiveCfg = Release|Any CPU
		{698C627B-5755-4DFA-8030-6053112EEDA6}.Release|Any CPU.Build.0 = Release|Any CPU
		{FF8BD4A1-62DE-4C9E-8B4B-1CD04D99936E}.Debug|Any CPU.ActiveCfg = Debug|Any CPU
		{FF8BD4A1-62DE-4C9E-8B4B-1CD04D99936E}.Debug|Any CPU.Build.0 = Debug|Any CPU
		{FF8BD4A1-62DE-4C9E-8B4B-1CD04D99936E}.Release|Any CPU.ActiveCfg = Release|Any CPU
		{FF8BD4A1-62DE-4C9E-8B4B-1CD04D99936E}.Release|Any CPU.Build.0 = Release|Any CPU
		{2B760E17-6A8A-4202-B84B-B78962C3204E}.Debug|Any CPU.ActiveCfg = Debug|Any CPU
		{2B760E17-6A8A-4202-B84B-B78962C3204E}.Debug|Any CPU.Build.0 = Debug|Any CPU
		{2B760E17-6A8A-4202-B84B-B78962C3204E}.Release|Any CPU.ActiveCfg = Release|Any CPU
		{2B760E17-6A8A-4202-B84B-B78962C3204E}.Release|Any CPU.Build.0 = Release|Any CPU
		{97EBECE6-8DC7-4D1B-A08D-FC4C99A63057}.Debug|Any CPU.ActiveCfg = Debug|Any CPU
		{97EBECE6-8DC7-4D1B-A08D-FC4C99A63057}.Debug|Any CPU.Build.0 = Debug|Any CPU
		{97EBECE6-8DC7-4D1B-A08D-FC4C99A63057}.Release|Any CPU.ActiveCfg = Release|Any CPU
		{97EBECE6-8DC7-4D1B-A08D-FC4C99A63057}.Release|Any CPU.Build.0 = Release|Any CPU
		{F7E316A7-D213-4F11-ABF6-A309E5C4DE41}.Debug|Any CPU.ActiveCfg = Debug|Any CPU
		{F7E316A7-D213-4F11-ABF6-A309E5C4DE41}.Debug|Any CPU.Build.0 = Debug|Any CPU
		{F7E316A7-D213-4F11-ABF6-A309E5C4DE41}.Release|Any CPU.ActiveCfg = Release|Any CPU
		{F7E316A7-D213-4F11-ABF6-A309E5C4DE41}.Release|Any CPU.Build.0 = Release|Any CPU
		{7B808A68-B0B7-4BD3-AACD-06E14D362487}.Debug|Any CPU.ActiveCfg = Debug|Any CPU
		{7B808A68-B0B7-4BD3-AACD-06E14D362487}.Debug|Any CPU.Build.0 = Debug|Any CPU
		{7B808A68-B0B7-4BD3-AACD-06E14D362487}.Release|Any CPU.ActiveCfg = Release|Any CPU
		{7B808A68-B0B7-4BD3-AACD-06E14D362487}.Release|Any CPU.Build.0 = Release|Any CPU
		{05BA986B-CD5E-493C-AFB9-6B4E3A83B467}.Debug|Any CPU.ActiveCfg = Debug|Any CPU
		{05BA986B-CD5E-493C-AFB9-6B4E3A83B467}.Debug|Any CPU.Build.0 = Debug|Any CPU
		{05BA986B-CD5E-493C-AFB9-6B4E3A83B467}.Release|Any CPU.ActiveCfg = Release|Any CPU
		{05BA986B-CD5E-493C-AFB9-6B4E3A83B467}.Release|Any CPU.Build.0 = Release|Any CPU
		{710E8EAD-4F4D-4569-BE9A-59F7E3CECC07}.Debug|Any CPU.ActiveCfg = Debug|Any CPU
		{710E8EAD-4F4D-4569-BE9A-59F7E3CECC07}.Debug|Any CPU.Build.0 = Debug|Any CPU
		{710E8EAD-4F4D-4569-BE9A-59F7E3CECC07}.Release|Any CPU.ActiveCfg = Release|Any CPU
		{710E8EAD-4F4D-4569-BE9A-59F7E3CECC07}.Release|Any CPU.Build.0 = Release|Any CPU
		{33F0711F-AA13-4659-B78E-80B15C810B83}.Debug|Any CPU.ActiveCfg = Debug|Any CPU
		{33F0711F-AA13-4659-B78E-80B15C810B83}.Debug|Any CPU.Build.0 = Debug|Any CPU
		{33F0711F-AA13-4659-B78E-80B15C810B83}.Release|Any CPU.ActiveCfg = Release|Any CPU
		{33F0711F-AA13-4659-B78E-80B15C810B83}.Release|Any CPU.Build.0 = Release|Any CPU
		{26366570-7CAA-4189-9BCC-36DAB3CA89F5}.Debug|Any CPU.ActiveCfg = Debug|Any CPU
		{26366570-7CAA-4189-9BCC-36DAB3CA89F5}.Debug|Any CPU.Build.0 = Debug|Any CPU
		{26366570-7CAA-4189-9BCC-36DAB3CA89F5}.Release|Any CPU.ActiveCfg = Release|Any CPU
		{26366570-7CAA-4189-9BCC-36DAB3CA89F5}.Release|Any CPU.Build.0 = Release|Any CPU
		{3EE3AA6D-FB5E-4E8D-81D8-ACAB4105A9CA}.Debug|Any CPU.ActiveCfg = Debug|Any CPU
		{3EE3AA6D-FB5E-4E8D-81D8-ACAB4105A9CA}.Debug|Any CPU.Build.0 = Debug|Any CPU
		{3EE3AA6D-FB5E-4E8D-81D8-ACAB4105A9CA}.Release|Any CPU.ActiveCfg = Release|Any CPU
		{3EE3AA6D-FB5E-4E8D-81D8-ACAB4105A9CA}.Release|Any CPU.Build.0 = Release|Any CPU
		{72239245-6AB1-478C-8878-2F4CAAD8109F}.Debug|Any CPU.ActiveCfg = Debug|Any CPU
		{72239245-6AB1-478C-8878-2F4CAAD8109F}.Debug|Any CPU.Build.0 = Debug|Any CPU
		{72239245-6AB1-478C-8878-2F4CAAD8109F}.Release|Any CPU.ActiveCfg = Release|Any CPU
		{72239245-6AB1-478C-8878-2F4CAAD8109F}.Release|Any CPU.Build.0 = Release|Any CPU
		{69BCD590-44AB-4F55-AA89-E69A17CC3D49}.Debug|Any CPU.ActiveCfg = Debug|Any CPU
		{69BCD590-44AB-4F55-AA89-E69A17CC3D49}.Debug|Any CPU.Build.0 = Debug|Any CPU
		{69BCD590-44AB-4F55-AA89-E69A17CC3D49}.Release|Any CPU.ActiveCfg = Release|Any CPU
		{69BCD590-44AB-4F55-AA89-E69A17CC3D49}.Release|Any CPU.Build.0 = Release|Any CPU
		{A8A7A3A1-99BB-4CFE-95D5-C8B5EDF5CBC7}.Debug|Any CPU.ActiveCfg = Debug|Any CPU
		{A8A7A3A1-99BB-4CFE-95D5-C8B5EDF5CBC7}.Debug|Any CPU.Build.0 = Debug|Any CPU
		{A8A7A3A1-99BB-4CFE-95D5-C8B5EDF5CBC7}.Release|Any CPU.ActiveCfg = Release|Any CPU
		{A8A7A3A1-99BB-4CFE-95D5-C8B5EDF5CBC7}.Release|Any CPU.Build.0 = Release|Any CPU
		{A7ACC0D2-622F-451C-ACF6-9C9E7B5334F5}.Debug|Any CPU.ActiveCfg = Debug|Any CPU
		{A7ACC0D2-622F-451C-ACF6-9C9E7B5334F5}.Debug|Any CPU.Build.0 = Debug|Any CPU
		{A7ACC0D2-622F-451C-ACF6-9C9E7B5334F5}.Release|Any CPU.ActiveCfg = Release|Any CPU
		{A7ACC0D2-622F-451C-ACF6-9C9E7B5334F5}.Release|Any CPU.Build.0 = Release|Any CPU
	EndGlobalSection
	GlobalSection(SolutionProperties) = preSolution
		HideSolutionNode = FALSE
	EndGlobalSection
	GlobalSection(NestedProjects) = preSolution
		{69BDFF09-58AE-40FA-B50A-7EED00433FF8} = {73B98A78-202B-4C1F-BD51-13F2B040B853}
		{2FFFA15C-D3E5-4A5D-87DA-9235972E0B9E} = {62737DF1-3383-4BC0-B095-29DCD2FF0265}
		{698C627B-5755-4DFA-8030-6053112EEDA6} = {4C2840BF-C425-49E2-9CEC-CFF0926D0B17}
		{FF8BD4A1-62DE-4C9E-8B4B-1CD04D99936E} = {4C2840BF-C425-49E2-9CEC-CFF0926D0B17}
		{2B760E17-6A8A-4202-B84B-B78962C3204E} = {4C2840BF-C425-49E2-9CEC-CFF0926D0B17}
		{97EBECE6-8DC7-4D1B-A08D-FC4C99A63057} = {3E60D2FA-3AEE-4801-AF47-AC9C8D55CCAD}
		{F7E316A7-D213-4F11-ABF6-A309E5C4DE41} = {3E60D2FA-3AEE-4801-AF47-AC9C8D55CCAD}
		{7B808A68-B0B7-4BD3-AACD-06E14D362487} = {3E60D2FA-3AEE-4801-AF47-AC9C8D55CCAD}
		{05BA986B-CD5E-493C-AFB9-6B4E3A83B467} = {C89CE366-01D7-4C3F-90A8-B84C36F82986}
		{710E8EAD-4F4D-4569-BE9A-59F7E3CECC07} = {C89CE366-01D7-4C3F-90A8-B84C36F82986}
		{33F0711F-AA13-4659-B78E-80B15C810B83} = {C89CE366-01D7-4C3F-90A8-B84C36F82986}
		{26366570-7CAA-4189-9BCC-36DAB3CA89F5} = {2002A1EF-BB43-427B-8B6A-9CA38EACBD7B}
		{3EE3AA6D-FB5E-4E8D-81D8-ACAB4105A9CA} = {2002A1EF-BB43-427B-8B6A-9CA38EACBD7B}
		{72239245-6AB1-478C-8878-2F4CAAD8109F} = {2002A1EF-BB43-427B-8B6A-9CA38EACBD7B}
		{69BCD590-44AB-4F55-AA89-E69A17CC3D49} = {D1A5F8DF-E4DD-4AB7-92CF-3316D6DACAA0}
		{A8A7A3A1-99BB-4CFE-95D5-C8B5EDF5CBC7} = {D1A5F8DF-E4DD-4AB7-92CF-3316D6DACAA0}
		{A7ACC0D2-622F-451C-ACF6-9C9E7B5334F5} = {D1A5F8DF-E4DD-4AB7-92CF-3316D6DACAA0}
	EndGlobalSection
	GlobalSection(ExtensibilityGlobals) = postSolution
		SolutionGuid = {EDA62B21-C0D8-4F19-818C-F586FCC7AD4D}
	EndGlobalSection
EndGlobal
